
Microsoft Visual Studio Solution File, Format Version 12.00
# Visual Studio Version 17
VisualStudioVersion = 17.2.32630.192
MinimumVisualStudioVersion = 10.0.40219.1
Project("{FAE04EC0-301F-11D3-BF4B-00C04F79EFBC}") = "Compressor", "Compressor\Compressor.csproj", "{0842583A-AB34-4BB4-8236-4B10402BECDF}"
EndProject
Project("{9A19103F-16F7-4668-BE54-9A1E7A4F7556}") = "Interfaces", "Interfaces\Interfaces.csproj", "{22ED972D-D4DD-4096-887B-15D56EBF304B}"
EndProject
Project("{9A19103F-16F7-4668-BE54-9A1E7A4F7556}") = "RLE", "RLE\RLE.csproj", "{D0B00F45-51F6-4E30-927B-48C98D556F7F}"
EndProject
Project("{930C7802-8A8C-48F9-8165-68863BCCD9DD}") = "Compressor.Installer", "Compressor.Installer\Compressor.Installer.wixproj", "{0B72E6FF-A23F-4D4D-B1B5-BED1E6A4409C}"
EndProject
Project("{FAE04EC0-301F-11D3-BF4B-00C04F79EFBC}") = "Huff", "Huff\Huff.csproj", "{F5637695-C5E4-4756-90BA-67AC8AD2E97C}"
EndProject
Project("{FAE04EC0-301F-11D3-BF4B-00C04F79EFBC}") = "LZW", "LZW\LZW.csproj", "{8036E883-FBEB-4110-930D-CF76743D8285}"
EndProject
Global
	GlobalSection(SolutionConfigurationPlatforms) = preSolution
		Debug|Any CPU = Debug|Any CPU
		Debug|x86 = Debug|x86
		Release|Any CPU = Release|Any CPU
		Release|x86 = Release|x86
	EndGlobalSection
	GlobalSection(ProjectConfigurationPlatforms) = postSolution
		{0842583A-AB34-4BB4-8236-4B10402BECDF}.Debug|Any CPU.ActiveCfg = Debug|Any CPU
		{0842583A-AB34-4BB4-8236-4B10402BECDF}.Debug|Any CPU.Build.0 = Debug|Any CPU
		{0842583A-AB34-4BB4-8236-4B10402BECDF}.Debug|x86.ActiveCfg = Debug|Any CPU
		{0842583A-AB34-4BB4-8236-4B10402BECDF}.Debug|x86.Build.0 = Debug|Any CPU
		{0842583A-AB34-4BB4-8236-4B10402BECDF}.Release|Any CPU.ActiveCfg = Release|Any CPU
		{0842583A-AB34-4BB4-8236-4B10402BECDF}.Release|Any CPU.Build.0 = Release|Any CPU
		{0842583A-AB34-4BB4-8236-4B10402BECDF}.Release|x86.ActiveCfg = Release|Any CPU
		{0842583A-AB34-4BB4-8236-4B10402BECDF}.Release|x86.Build.0 = Release|Any CPU
		{22ED972D-D4DD-4096-887B-15D56EBF304B}.Debug|Any CPU.ActiveCfg = Debug|Any CPU
		{22ED972D-D4DD-4096-887B-15D56EBF304B}.Debug|Any CPU.Build.0 = Debug|Any CPU
		{22ED972D-D4DD-4096-887B-15D56EBF304B}.Debug|x86.ActiveCfg = Debug|Any CPU
		{22ED972D-D4DD-4096-887B-15D56EBF304B}.Debug|x86.Build.0 = Debug|Any CPU
		{22ED972D-D4DD-4096-887B-15D56EBF304B}.Release|Any CPU.ActiveCfg = Release|Any CPU
		{22ED972D-D4DD-4096-887B-15D56EBF304B}.Release|Any CPU.Build.0 = Release|Any CPU
		{22ED972D-D4DD-4096-887B-15D56EBF304B}.Release|x86.ActiveCfg = Release|Any CPU
		{22ED972D-D4DD-4096-887B-15D56EBF304B}.Release|x86.Build.0 = Release|Any CPU
		{D0B00F45-51F6-4E30-927B-48C98D556F7F}.Debug|Any CPU.ActiveCfg = Debug|Any CPU
		{D0B00F45-51F6-4E30-927B-48C98D556F7F}.Debug|Any CPU.Build.0 = Debug|Any CPU
		{D0B00F45-51F6-4E30-927B-48C98D556F7F}.Debug|x86.ActiveCfg = Debug|Any CPU
		{D0B00F45-51F6-4E30-927B-48C98D556F7F}.Debug|x86.Build.0 = Debug|Any CPU
		{D0B00F45-51F6-4E30-927B-48C98D556F7F}.Release|Any CPU.ActiveCfg = Release|Any CPU
		{D0B00F45-51F6-4E30-927B-48C98D556F7F}.Release|Any CPU.Build.0 = Release|Any CPU
		{D0B00F45-51F6-4E30-927B-48C98D556F7F}.Release|x86.ActiveCfg = Release|Any CPU
		{D0B00F45-51F6-4E30-927B-48C98D556F7F}.Release|x86.Build.0 = Release|Any CPU
		{0B72E6FF-A23F-4D4D-B1B5-BED1E6A4409C}.Debug|Any CPU.ActiveCfg = Debug|x86
		{0B72E6FF-A23F-4D4D-B1B5-BED1E6A4409C}.Debug|Any CPU.Build.0 = Debug|x86
		{0B72E6FF-A23F-4D4D-B1B5-BED1E6A4409C}.Debug|x86.ActiveCfg = Debug|x86
		{0B72E6FF-A23F-4D4D-B1B5-BED1E6A4409C}.Debug|x86.Build.0 = Debug|x86
		{0B72E6FF-A23F-4D4D-B1B5-BED1E6A4409C}.Release|Any CPU.ActiveCfg = Release|x86
		{0B72E6FF-A23F-4D4D-B1B5-BED1E6A4409C}.Release|Any CPU.Build.0 = Release|x86
		{0B72E6FF-A23F-4D4D-B1B5-BED1E6A4409C}.Release|x86.ActiveCfg = Release|x86
		{0B72E6FF-A23F-4D4D-B1B5-BED1E6A4409C}.Release|x86.Build.0 = Release|x86
		{F5637695-C5E4-4756-90BA-67AC8AD2E97C}.Debug|Any CPU.ActiveCfg = Debug|Any CPU
		{F5637695-C5E4-4756-90BA-67AC8AD2E97C}.Debug|Any CPU.Build.0 = Debug|Any CPU
		{F5637695-C5E4-4756-90BA-67AC8AD2E97C}.Debug|x86.ActiveCfg = Debug|Any CPU
		{F5637695-C5E4-4756-90BA-67AC8AD2E97C}.Debug|x86.Build.0 = Debug|Any CPU
		{F5637695-C5E4-4756-90BA-67AC8AD2E97C}.Release|Any CPU.ActiveCfg = Release|Any CPU
		{F5637695-C5E4-4756-90BA-67AC8AD2E97C}.Release|Any CPU.Build.0 = Release|Any CPU
		{F5637695-C5E4-4756-90BA-67AC8AD2E97C}.Release|x86.ActiveCfg = Release|Any CPU
		{F5637695-C5E4-4756-90BA-67AC8AD2E97C}.Release|x86.Build.0 = Release|Any CPU
		{8036E883-FBEB-4110-930D-CF76743D8285}.Debug|Any CPU.ActiveCfg = Debug|Any CPU
		{8036E883-FBEB-4110-930D-CF76743D8285}.Debug|Any CPU.Build.0 = Debug|Any CPU
		{8036E883-FBEB-4110-930D-CF76743D8285}.Debug|x86.ActiveCfg = Debug|Any CPU
		{8036E883-FBEB-4110-930D-CF76743D8285}.Debug|x86.Build.0 = Debug|Any CPU
		{8036E883-FBEB-4110-930D-CF76743D8285}.Release|Any CPU.ActiveCfg = Release|Any CPU
		{8036E883-FBEB-4110-930D-CF76743D8285}.Release|Any CPU.Build.0 = Release|Any CPU
		{8036E883-FBEB-4110-930D-CF76743D8285}.Release|x86.ActiveCfg = Release|Any CPU
		{8036E883-FBEB-4110-930D-CF76743D8285}.Release|x86.Build.0 = Release|Any CPU
	EndGlobalSection
	GlobalSection(SolutionProperties) = preSolution
		HideSolutionNode = FALSE
	EndGlobalSection
	GlobalSection(ExtensibilityGlobals) = postSolution
		SolutionGuid = {7F3588BD-F007-44B6-8572-1728D08E98A5}
	EndGlobalSection
EndGlobal
